{
  "version": 3,
  "skills": {
    "commit-pr-conventions": {
      "name": "commit-pr-conventions",
      "source": {
        "kind": "owned",
        "path": "."
      },
      "skill_path": "SKILL.md",
      "digest": "5277f17d03be6a37e151f67b9438b2f8ee6661da855d7202219cc927ea2267f5",
      "enabled": [
        "claude",
        "universal"
      ]
    },
    "issue-to-pr": {
      "name": "issue-to-pr",
      "source": {
        "kind": "owned",
        "path": "."
      },
      "skill_path": "SKILL.md",
      "digest": "6e680f8cd5aeb7e7237886e0f2c1e5e16bd3371d8b8c90e424a1ba9539b6a532",
      "enabled": [
        "claude",
        "universal"
      ]
    }
  }
}
